{
  "version": 2,
  "dependencies": {
    "net10.0": {
      "apex.pgclient": {
        "type": "Project",
        "dependencies": {
          "Apex.SqlClient": "[0.1.0-preview.1, )"
        }
      },
      "apex.sqlclient": {
        "type": "Project",
        "dependencies": {
          "System.IO.Hashing": "[10.0.11, )"
        }
      },
      "System.IO.Hashing": {
        "type": "CentralTransitive",
        "requested": "[10.0.11, )",
        "resolved": "10.0.11",
        "contentHash": "OzKDcIRkeNJeC8qAsbn8yJXnfTLP1dtkWILe+T56Gf/z+IkAASi7sMqLqJQat08j5z/mRN5xVtoAwbkMNMoBUQ=="
      }
    }
  }
}