Microsoft Visual Studio Solution File, Format Version 12.00
# Visual Studio Version 17
VisualStudioVersion = 17.5.2.0
MinimumVisualStudioVersion = 10.0.40219.1
Project("{2150E333-8FDC-42A3-9474-1A3956D46DE8}") = "csharp", "csharp", "{B41BF331-FCCB-2ADF-CDB6-767964B34647}"
EndProject
Project("{FAE04EC0-301F-11D3-BF4B-00C04F79EFBC}") = "Vertx.PgClient", "csharp\Vertx.PgClient\Vertx.PgClient.csproj", "{B73468E5-CCBD-5004-BD9E-D8059BA28E72}"
EndProject
Global
	GlobalSection(SolutionConfigurationPlatforms) = preSolution
		Debug|Any CPU = Debug|Any CPU
		Release|Any CPU = Release|Any CPU
	EndGlobalSection
	GlobalSection(ProjectConfigurationPlatforms) = postSolution
		{B73468E5-CCBD-5004-BD9E-D8059BA28E72}.Debug|Any CPU.ActiveCfg = Debug|Any CPU
		{B73468E5-CCBD-5004-BD9E-D8059BA28E72}.Debug|Any CPU.Build.0 = Debug|Any CPU
		{B73468E5-CCBD-5004-BD9E-D8059BA28E72}.Release|Any CPU.ActiveCfg = Release|Any CPU
		{B73468E5-CCBD-5004-BD9E-D8059BA28E72}.Release|Any CPU.Build.0 = Release|Any CPU
	EndGlobalSection
	GlobalSection(SolutionProperties) = preSolution
		HideSolutionNode = FALSE
	EndGlobalSection
	GlobalSection(NestedProjects) = preSolution
		{B73468E5-CCBD-5004-BD9E-D8059BA28E72} = {B41BF331-FCCB-2ADF-CDB6-767964B34647}
	EndGlobalSection
	GlobalSection(ExtensibilityGlobals) = postSolution
		SolutionGuid = {DF978F55-5FC9-4A11-8A78-2ECC4ADEDB22}
	EndGlobalSection
EndGlobal
